
Microsoft Visual Studio Solution File, Format Version 12.00
# Visual Studio 15
VisualStudioVersion = 15.0.26430.16
MinimumVisualStudioVersion = 10.0.40219.1
Project("{FAE04EC0-301F-11D3-BF4B-00C04F79EFBC}") = "XFBindProp", "XFBindProp\XFBindProp\XFBindProp.csproj", "{EA917F4A-F764-4A47-A920-BB553815F34C}"
EndProject
Project("{FAE04EC0-301F-11D3-BF4B-00C04F79EFBC}") = "XFBindProp.Droid", "XFBindProp\XFBindProp.Droid\XFBindProp.Droid.csproj", "{C17CCB75-54DD-442D-A5AD-023E2573AD0C}"
EndProject
Project("{FAE04EC0-301F-11D3-BF4B-00C04F79EFBC}") = "XFBindProp.iOS", "XFBindProp\XFBindProp.iOS\XFBindProp.iOS.csproj", "{1512A4EE-810E-4562-903C-F0668E1D23B1}"
EndProject
Project("{FAE04EC0-301F-11D3-BF4B-00C04F79EFBC}") = "XFBindProp.UWP", "XFBindProp\XFBindProp.UWP\XFBindProp.UWP.csproj", "{DD672790-D7D2-44DE-8513-FFCD96FA5CDF}"
EndProject
Global
	GlobalSection(SolutionConfigurationPlatforms) = preSolution
		Ad-Hoc|Any CPU = Ad-Hoc|Any CPU
		Ad-Hoc|ARM = Ad-Hoc|ARM
		Ad-Hoc|iPhone = Ad-Hoc|iPhone
		Ad-Hoc|iPhoneSimulator = Ad-Hoc|iPhoneSimulator
		Ad-Hoc|x64 = Ad-Hoc|x64
		Ad-Hoc|x86 = Ad-Hoc|x86
		AppStore|Any CPU = AppStore|Any CPU
		AppStore|ARM = AppStore|ARM
		AppStore|iPhone = AppStore|iPhone
		AppStore|iPhoneSimulator = AppStore|iPhoneSimulator
		AppStore|x64 = AppStore|x64
		AppStore|x86 = AppStore|x86
		Debug|Any CPU = Debug|Any CPU
		Debug|ARM = Debug|ARM
		Debug|iPhone = Debug|iPhone
		Debug|iPhoneSimulator = Debug|iPhoneSimulator
		Debug|x64 = Debug|x64
		Debug|x86 = Debug|x86
		Release|Any CPU = Release|Any CPU
		Release|ARM = Release|ARM
		Release|iPhone = Release|iPhone
		Release|iPhoneSimulator = Release|iPhoneSimulator
		Release|x64 = Release|x64
		Release|x86 = Release|x86
	EndGlobalSection
	GlobalSection(ProjectConfigurationPlatforms) = postSolution
		{EA917F4A-F764-4A47-A920-BB553815F34C}.Ad-Hoc|Any CPU.ActiveCfg = Release|Any CPU
		{EA917F4A-F764-4A47-A920-BB553815F34C}.Ad-Hoc|Any CPU.Build.0 = Release|Any CPU
		{EA917F4A-F764-4A47-A920-BB553815F34C}.Ad-Hoc|ARM.ActiveCfg = Release|Any CPU
		{EA917F4A-F764-4A47-A920-BB553815F34C}.Ad-Hoc|ARM.Build.0 = Release|Any CPU
		{EA917F4A-F764-4A47-A920-BB553815F34C}.Ad-Hoc|iPhone.ActiveCfg = Release|Any CPU
		{EA917F4A-F764-4A47-A920-BB553815F34C}.Ad-Hoc|iPhone.Build.0 = Release|Any CPU
		{EA917F4A-F764-4A47-A920-BB553815F34C}.Ad-Hoc|iPhoneSimulator.ActiveCfg = Release|Any CPU
		{EA917F4A-F764-4A47-A920-BB553815F34C}.Ad-Hoc|iPhoneSimulator.Build.0 = Release|Any CPU
		{EA917F4A-F764-4A47-A920-BB553815F34C}.Ad-Hoc|x64.ActiveCfg = Release|Any CPU
		{EA917F4A-F764-4A47-A920-BB553815F34C}.Ad-Hoc|x64.Build.0 = Release|Any CPU
		{EA917F4A-F764-4A47-A920-BB553815F34C}.Ad-Hoc|x86.ActiveCfg = Release|Any CPU
		{EA917F4A-F764-4A47-A920-BB553815F34C}.Ad-Hoc|x86.Build.0 = Release|Any CPU
		{EA917F4A-F764-4A47-A920-BB553815F34C}.AppStore|Any CPU.ActiveCfg = Release|Any CPU
		{EA917F4A-F764-4A47-A920-BB553815F34C}.AppStore|Any CPU.Build.0 = Release|Any CPU
		{EA917F4A-F764-4A47-A920-BB553815F34C}.AppStore|ARM.ActiveCfg = Release|Any CPU
		{EA917F4A-F764-4A47-A920-BB553815F34C}.AppStore|ARM.Build.0 = Release|Any CPU
		{EA917F4A-F764-4A47-A920-BB553815F34C}.AppStore|iPhone.ActiveCfg = Release|Any CPU
		{EA917F4A-F764-4A47-A920-BB553815F34C}.AppStore|iPhone.Build.0 = Release|Any CPU
		{EA917F4A-F764-4A47-A920-BB553815F34C}.AppStore|iPhoneSimulator.ActiveCfg = Release|Any CPU
		{EA917F4A-F764-4A47-A920-BB553815F34C}.AppStore|iPhoneSimulator.Build.0 = Release|Any CPU
		{EA917F4A-F764-4A47-A920-BB553815F34C}.AppStore|x64.ActiveCfg = Release|Any CPU
		{EA917F4A-F764-4A47-A920-BB553815F34C}.AppStore|x64.Build.0 = Release|Any CPU
		{EA917F4A-F764-4A47-A920-BB553815F34C}.AppStore|x86.ActiveCfg = Release|Any CPU
		{EA917F4A-F764-4A47-A920-BB553815F34C}.AppStore|x86.Build.0 = Release|Any CPU
		{EA917F4A-F764-4A47-A920-BB553815F34C}.Debug|Any CPU.ActiveCfg = Debug|Any CPU
		{EA917F4A-F764-4A47-A920-BB553815F34C}.Debug|Any CPU.Build.0 = Debug|Any CPU
		{EA917F4A-F764-4A47-A920-BB553815F34C}.Debug|ARM.ActiveCfg = Debug|Any CPU
		{EA917F4A-F764-4A47-A920-BB553815F34C}.Debug|ARM.Build.0 = Debug|Any CPU
		{EA917F4A-F764-4A47-A920-BB553815F34C}.Debug|iPhone.ActiveCfg = Debug|Any CPU
		{EA917F4A-F764-4A47-A920-BB553815F34C}.Debug|iPhone.Build.0 = Debug|Any CPU
		{EA917F4A-F764-4A47-A920-BB553815F34C}.Debug|iPhoneSimulator.ActiveCfg = Debug|Any CPU
		{EA917F4A-F764-4A47-A920-BB553815F34C}.Debug|iPhoneSimulator.Build.0 = Debug|Any CPU
		{EA917F4A-F764-4A47-A920-BB553815F34C}.Debug|x64.ActiveCfg = Debug|Any CPU
		{EA917F4A-F764-4A47-A920-BB553815F34C}.Debug|x64.Build.0 = Debug|Any CPU
		{EA917F4A-F764-4A47-A920-BB553815F34C}.Debug|x86.ActiveCfg = Debug|Any CPU
		{EA917F4A-F764-4A47-A920-BB553815F34C}.Debug|x86.Build.0 = Debug|Any CPU
		{EA917F4A-F764-4A47-A920-BB553815F34C}.Release|Any CPU.ActiveCfg = Release|Any CPU
		{EA917F4A-F764-4A47-A920-BB553815F34C}.Release|Any CPU.Build.0 = Release|Any CPU
		{EA917F4A-F764-4A47-A920-BB553815F34C}.Release|ARM.ActiveCfg = Release|Any CPU
		{EA917F4A-F764-4A47-A920-BB553815F34C}.Release|ARM.Build.0 = Release|Any CPU
		{EA917F4A-F764-4A47-A920-BB553815F34C}.Release|iPhone.ActiveCfg = Release|Any CPU
		{EA917F4A-F764-4A47-A920-BB553815F34C}.Release|iPhone.Build.0 = Release|Any CPU
		{EA917F4A-F764-4A47-A920-BB553815F34C}.Release|iPhoneSimulator.ActiveCfg = Release|Any CPU
		{EA917F4A-F764-4A47-A920-BB553815F34C}.Release|iPhoneSimulator.Build.0 = Release|Any CPU
		{EA917F4A-F764-4A47-A920-BB553815F34C}.Release|x64.ActiveCfg = Release|Any CPU
		{EA917F4A-F764-4A47-A920-BB553815F34C}.Release|x64.Build.0 = Release|Any CPU
		{EA917F4A-F764-4A47-A920-BB553815F34C}.Release|x86.ActiveCfg = Release|Any CPU
		{EA917F4A-F764-4A47-A920-BB553815F34C}.Release|x86.Build.0 = Release|Any CPU
		{C17CCB75-54DD-442D-A5AD-023E2573AD0C}.Ad-Hoc|Any CPU.ActiveCfg = Release|Any CPU
		{C17CCB75-54DD-442D-A5AD-023E2573AD0C}.Ad-Hoc|Any CPU.Build.0 = Release|Any CPU
		{C17CCB75-54DD-442D-A5AD-023E2573AD0C}.Ad-Hoc|Any CPU.Deploy.0 = Release|Any CPU
		{C17CCB75-54DD-442D-A5AD-023E2573AD0C}.Ad-Hoc|ARM.ActiveCfg = Release|Any CPU
		{C17CCB75-54DD-442D-A5AD-023E2573AD0C}.Ad-Hoc|ARM.Build.0 = Release|Any CPU
		{C17CCB75-54DD-442D-A5AD-023E2573AD0C}.Ad-Hoc|ARM.Deploy.0 = Release|Any CPU
		{C17CCB75-54DD-442D-A5AD-023E2573AD0C}.Ad-Hoc|iPhone.ActiveCfg = Release|Any CPU
		{C17CCB75-54DD-442D-A5AD-023E2573AD0C}.Ad-Hoc|iPhone.Build.0 = Release|Any CPU
		{C17CCB75-54DD-442D-A5AD-023E2573AD0C}.Ad-Hoc|iPhone.Deploy.0 = Release|Any CPU
		{C17CCB75-54DD-442D-A5AD-023E2573AD0C}.Ad-Hoc|iPhoneSimulator.ActiveCfg = Release|Any CPU
		{C17CCB75-54DD-442D-A5AD-023E2573AD0C}.Ad-Hoc|iPhoneSimulator.Build.0 = Release|Any CPU
		{C17CCB75-54DD-442D-A5AD-023E2573AD0C}.Ad-Hoc|iPhoneSimulator.Deploy.0 = Release|Any CPU
		{C17CCB75-54DD-442D-A5AD-023E2573AD0C}.Ad-Hoc|x64.ActiveCfg = Release|Any CPU
		{C17CCB75-54DD-442D-A5AD-023E2573AD0C}.Ad-Hoc|x64.Build.0 = Release|Any CPU
		{C17CCB75-54DD-442D-A5AD-023E2573AD0C}.Ad-Hoc|x64.Deploy.0 = Release|Any CPU
		{C17CCB75-54DD-442D-A5AD-023E2573AD0C}.Ad-Hoc|x86.ActiveCfg = Release|Any CPU
		{C17CCB75-54DD-442D-A5AD-023E2573AD0C}.Ad-Hoc|x86.Build.0 = Release|Any CPU
		{C17CCB75-54DD-442D-A5AD-023E2573AD0C}.Ad-Hoc|x86.Deploy.0 = Release|Any CPU
		{C17CCB75-54DD-442D-A5AD-023E2573AD0C}.AppStore|Any CPU.ActiveCfg = Release|Any CPU
		{C17CCB75-54DD-442D-A5AD-023E2573AD0C}.AppStore|Any CPU.Build.0 = Release|Any CPU
		{C17CCB75-54DD-442D-A5AD-023E2573AD0C}.AppStore|Any CPU.Deploy.0 = Release|Any CPU
		{C17CCB75-54DD-442D-A5AD-023E2573AD0C}.AppStore|ARM.ActiveCfg = Release|Any CPU
		{C17CCB75-54DD-442D-A5AD-023E2573AD0C}.AppStore|ARM.Build.0 = Release|Any CPU
		{C17CCB75-54DD-442D-A5AD-023E2573AD0C}.AppStore|ARM.Deploy.0 = Release|Any CPU
		{C17CCB75-54DD-442D-A5AD-023E2573AD0C}.AppStore|iPhone.ActiveCfg = Release|Any CPU
		{C17CCB75-54DD-442D-A5AD-023E2573AD0C}.AppStore|iPhone.Build.0 = Release|Any CPU
		{C17CCB75-54DD-442D-A5AD-023E2573AD0C}.AppStore|iPhone.Deploy.0 = Release|Any CPU
		{C17CCB75-54DD-442D-A5AD-023E2573AD0C}.AppStore|iPhoneSimulator.ActiveCfg = Release|Any CPU
		{C17CCB75-54DD-442D-A5AD-023E2573AD0C}.AppStore|iPhoneSimulator.Build.0 = Release|Any CPU
		{C17CCB75-54DD-442D-A5AD-023E2573AD0C}.AppStore|iPhoneSimulator.Deploy.0 = Release|Any CPU
		{C17CCB75-54DD-442D-A5AD-023E2573AD0C}.AppStore|x64.ActiveCfg = Release|Any CPU
		{C17CCB75-54DD-442D-A5AD-023E2573AD0C}.AppStore|x64.Build.0 = Release|Any CPU
		{C17CCB75-54DD-442D-A5AD-023E2573AD0C}.AppStore|x64.Deploy.0 = Release|Any CPU
		{C17CCB75-54DD-442D-A5AD-023E2573AD0C}.AppStore|x86.ActiveCfg = Release|Any CPU
		{C17CCB75-54DD-442D-A5AD-023E2573AD0C}.AppStore|x86.Build.0 = Release|Any CPU
		{C17CCB75-54DD-442D-A5AD-023E2573AD0C}.AppStore|x86.Deploy.0 = Release|Any CPU
		{C17CCB75-54DD-442D-A5AD-023E2573AD0C}.Debug|Any CPU.ActiveCfg = Debug|Any CPU
		{C17CCB75-54DD-442D-A5AD-023E2573AD0C}.Debug|Any CPU.Build.0 = Debug|Any CPU
		{C17CCB75-54DD-442D-A5AD-023E2573AD0C}.Debug|Any CPU.Deploy.0 = Debug|Any CPU
		{C17CCB75-54DD-442D-A5AD-023E2573AD0C}.Debug|ARM.ActiveCfg = Debug|Any CPU
		{C17CCB75-54DD-442D-A5AD-023E2573AD0C}.Debug|ARM.Build.0 = Debug|Any CPU
		{C17CCB75-54DD-442D-A5AD-023E2573AD0C}.Debug|ARM.Deploy.0 = Debug|Any CPU
		{C17CCB75-54DD-442D-A5AD-023E2573AD0C}.Debug|iPhone.ActiveCfg = Debug|Any CPU
		{C17CCB75-54DD-442D-A5AD-023E2573AD0C}.Debug|iPhone.Build.0 = Debug|Any CPU
		{C17CCB75-54DD-442D-A5AD-023E2573AD0C}.Debug|iPhone.Deploy.0 = Debug|Any CPU
		{C17CCB75-54DD-442D-A5AD-023E2573AD0C}.Debug|iPhoneSimulator.ActiveCfg = Debug|Any CPU
		{C17CCB75-54DD-442D-A5AD-023E2573AD0C}.Debug|iPhoneSimulator.Build.0 = Debug|Any CPU
		{C17CCB75-54DD-442D-A5AD-023E2573AD0C}.Debug|iPhoneSimulator.Deploy.0 = Debug|Any CPU
		{C17CCB75-54DD-442D-A5AD-023E2573AD0C}.Debug|x64.ActiveCfg = Debug|Any CPU
		{C17CCB75-54DD-442D-A5AD-023E2573AD0C}.Debug|x64.Build.0 = Debug|Any CPU
		{C17CCB75-54DD-442D-A5AD-023E2573AD0C}.Debug|x64.Deploy.0 = Debug|Any CPU
		{C17CCB75-54DD-442D-A5AD-023E2573AD0C}.Debug|x86.ActiveCfg = Debug|Any CPU
		{C17CCB75-54DD-442D-A5AD-023E2573AD0C}.Debug|x86.Build.0 = Debug|Any CPU
		{C17CCB75-54DD-442D-A5AD-023E2573AD0C}.Debug|x86.Deploy.0 = Debug|Any CPU
		{C17CCB75-54DD-442D-A5AD-023E2573AD0C}.Release|Any CPU.ActiveCfg = Release|Any CPU
		{C17CCB75-54DD-442D-A5AD-023E2573AD0C}.Release|Any CPU.Build.0 = Release|Any CPU
		{C17CCB75-54DD-442D-A5AD-023E2573AD0C}.Release|Any CPU.Deploy.0 = Release|Any CPU
		{C17CCB75-54DD-442D-A5AD-023E2573AD0C}.Release|ARM.ActiveCfg = Release|Any CPU
		{C17CCB75-54DD-442D-A5AD-023E2573AD0C}.Release|ARM.Build.0 = Release|Any CPU
		{C17CCB75-54DD-442D-A5AD-023E2573AD0C}.Release|ARM.Deploy.0 = Release|Any CPU
		{C17CCB75-54DD-442D-A5AD-023E2573AD0C}.Release|iPhone.ActiveCfg = Release|Any CPU
		{C17CCB75-54DD-442D-A5AD-023E2573AD0C}.Release|iPhone.Build.0 = Release|Any CPU
		{C17CCB75-54DD-442D-A5AD-023E2573AD0C}.Release|iPhone.Deploy.0 = Release|Any CPU
		{C17CCB75-54DD-442D-A5AD-023E2573AD0C}.Release|iPhoneSimulator.ActiveCfg = Release|Any CPU
		{C17CCB75-54DD-442D-A5AD-023E2573AD0C}.Release|iPhoneSimulator.Build.0 = Release|Any CPU
		{C17CCB75-54DD-442D-A5AD-023E2573AD0C}.Release|iPhoneSimulator.Deploy.0 = Release|Any CPU
		{C17CCB75-54DD-442D-A5AD-023E2573AD0C}.Release|x64.ActiveCfg = Release|Any CPU
		{C17CCB75-54DD-442D-A5AD-023E2573AD0C}.Release|x64.Build.0 = Release|Any CPU
		{C17CCB75-54DD-442D-A5AD-023E2573AD0C}.Release|x64.Deploy.0 = Release|Any CPU
		{C17CCB75-54DD-442D-A5AD-023E2573AD0C}.Release|x86.ActiveCfg = Release|Any CPU
		{C17CCB75-54DD-442D-A5AD-023E2573AD0C}.Release|x86.Build.0 = Release|Any CPU
		{C17CCB75-54DD-442D-A5AD-023E2573AD0C}.Release|x86.Deploy.0 = Release|Any CPU
		{1512A4EE-810E-4562-903C-F0668E1D23B1}.Ad-Hoc|Any CPU.ActiveCfg = Ad-Hoc|iPhone
		{1512A4EE-810E-4562-903C-F0668E1D23B1}.Ad-Hoc|ARM.ActiveCfg = Ad-Hoc|iPhone
		{1512A4EE-810E-4562-903C-F0668E1D23B1}.Ad-Hoc|iPhone.ActiveCfg = Ad-Hoc|iPhone
		{1512A4EE-810E-4562-903C-F0668E1D23B1}.Ad-Hoc|iPhone.Build.0 = Ad-Hoc|iPhone
		{1512A4EE-810E-4562-903C-F0668E1D23B1}.Ad-Hoc|iPhoneSimulator.ActiveCfg = Ad-Hoc|iPhoneSimulator
		{1512A4EE-810E-4562-903C-F0668E1D23B1}.Ad-Hoc|iPhoneSimulator.Build.0 = Ad-Hoc|iPhoneSimulator
		{1512A4EE-810E-4562-903C-F0668E1D23B1}.Ad-Hoc|x64.ActiveCfg = Ad-Hoc|iPhone
		{1512A4EE-810E-4562-903C-F0668E1D23B1}.Ad-Hoc|x86.ActiveCfg = Ad-Hoc|iPhone
		{1512A4EE-810E-4562-903C-F0668E1D23B1}.AppStore|Any CPU.ActiveCfg = AppStore|iPhone
		{1512A4EE-810E-4562-903C-F0668E1D23B1}.AppStore|ARM.ActiveCfg = AppStore|iPhone
		{1512A4EE-810E-4562-903C-F0668E1D23B1}.AppStore|iPhone.ActiveCfg = AppStore|iPhone
		{1512A4EE-810E-4562-903C-F0668E1D23B1}.AppStore|iPhone.Build.0 = AppStore|iPhone
		{1512A4EE-810E-4562-903C-F0668E1D23B1}.AppStore|iPhoneSimulator.ActiveCfg = AppStore|iPhoneSimulator
		{1512A4EE-810E-4562-903C-F0668E1D23B1}.AppStore|iPhoneSimulator.Build.0 = AppStore|iPhoneSimulator
		{1512A4EE-810E-4562-903C-F0668E1D23B1}.AppStore|x64.ActiveCfg = AppStore|iPhone
		{1512A4EE-810E-4562-903C-F0668E1D23B1}.AppStore|x86.ActiveCfg = AppStore|iPhone
		{1512A4EE-810E-4562-903C-F0668E1D23B1}.Debug|Any CPU.ActiveCfg = Debug|iPhone
		{1512A4EE-810E-4562-903C-F0668E1D23B1}.Debug|ARM.ActiveCfg = Debug|iPhone
		{1512A4EE-810E-4562-903C-F0668E1D23B1}.Debug|iPhone.ActiveCfg = Debug|iPhone
		{1512A4EE-810E-4562-903C-F0668E1D23B1}.Debug|iPhone.Build.0 = Debug|iPhone
		{1512A4EE-810E-4562-903C-F0668E1D23B1}.Debug|iPhoneSimulator.ActiveCfg = Debug|iPhoneSimulator
		{1512A4EE-810E-4562-903C-F0668E1D23B1}.Debug|iPhoneSimulator.Build.0 = Debug|iPhoneSimulator
		{1512A4EE-810E-4562-903C-F0668E1D23B1}.Debug|x64.ActiveCfg = Debug|iPhone
		{1512A4EE-810E-4562-903C-F0668E1D23B1}.Debug|x86.ActiveCfg = Debug|iPhone
		{1512A4EE-810E-4562-903C-F0668E1D23B1}.Release|Any CPU.ActiveCfg = Release|iPhone
		{1512A4EE-810E-4562-903C-F0668E1D23B1}.Release|ARM.ActiveCfg = Release|iPhone
		{1512A4EE-810E-4562-903C-F0668E1D23B1}.Release|iPhone.ActiveCfg = Release|iPhone
		{1512A4EE-810E-4562-903C-F0668E1D23B1}.Release|iPhone.Build.0 = Release|iPhone
		{1512A4EE-810E-4562-903C-F0668E1D23B1}.Release|iPhoneSimulator.ActiveCfg = Release|iPhoneSimulator
		{1512A4EE-810E-4562-903C-F0668E1D23B1}.Release|iPhoneSimulator.Build.0 = Release|iPhoneSimulator
		{1512A4EE-810E-4562-903C-F0668E1D23B1}.Release|x64.ActiveCfg = Release|iPhone
		{1512A4EE-810E-4562-903C-F0668E1D23B1}.Release|x86.ActiveCfg = Release|iPhone
		{DD672790-D7D2-44DE-8513-FFCD96FA5CDF}.Ad-Hoc|Any CPU.ActiveCfg = Release|x86
		{DD672790-D7D2-44DE-8513-FFCD96FA5CDF}.Ad-Hoc|Any CPU.Build.0 = Release|x86
		{DD672790-D7D2-44DE-8513-FFCD96FA5CDF}.Ad-Hoc|Any CPU.Deploy.0 = Release|x86
		{DD672790-D7D2-44DE-8513-FFCD96FA5CDF}.Ad-Hoc|ARM.ActiveCfg = Release|ARM
		{DD672790-D7D2-44DE-8513-FFCD96FA5CDF}.Ad-Hoc|ARM.Build.0 = Release|ARM
		{DD672790-D7D2-44DE-8513-FFCD96FA5CDF}.Ad-Hoc|ARM.Deploy.0 = Release|ARM
		{DD672790-D7D2-44DE-8513-FFCD96FA5CDF}.Ad-Hoc|iPhone.ActiveCfg = Release|x86
		{DD672790-D7D2-44DE-8513-FFCD96FA5CDF}.Ad-Hoc|iPhone.Build.0 = Release|x86
		{DD672790-D7D2-44DE-8513-FFCD96FA5CDF}.Ad-Hoc|iPhone.Deploy.0 = Release|x86
		{DD672790-D7D2-44DE-8513-FFCD96FA5CDF}.Ad-Hoc|iPhoneSimulator.ActiveCfg = Release|x86
		{DD672790-D7D2-44DE-8513-FFCD96FA5CDF}.Ad-Hoc|iPhoneSimulator.Build.0 = Release|x86
		{DD672790-D7D2-44DE-8513-FFCD96FA5CDF}.Ad-Hoc|iPhoneSimulator.Deploy.0 = Release|x86
		{DD672790-D7D2-44DE-8513-FFCD96FA5CDF}.Ad-Hoc|x64.ActiveCfg = Release|x64
		{DD672790-D7D2-44DE-8513-FFCD96FA5CDF}.Ad-Hoc|x64.Build.0 = Release|x64
		{DD672790-D7D2-44DE-8513-FFCD96FA5CDF}.Ad-Hoc|x64.Deploy.0 = Release|x64
		{DD672790-D7D2-44DE-8513-FFCD96FA5CDF}.Ad-Hoc|x86.ActiveCfg = Release|x86
		{DD672790-D7D2-44DE-8513-FFCD96FA5CDF}.Ad-Hoc|x86.Build.0 = Release|x86
		{DD672790-D7D2-44DE-8513-FFCD96FA5CDF}.Ad-Hoc|x86.Deploy.0 = Release|x86
		{DD672790-D7D2-44DE-8513-FFCD96FA5CDF}.AppStore|Any CPU.ActiveCfg = Release|x86
		{DD672790-D7D2-44DE-8513-FFCD96FA5CDF}.AppStore|Any CPU.Build.0 = Release|x86
		{DD672790-D7D2-44DE-8513-FFCD96FA5CDF}.AppStore|Any CPU.Deploy.0 = Release|x86
		{DD672790-D7D2-44DE-8513-FFCD96FA5CDF}.AppStore|ARM.ActiveCfg = Release|ARM
		{DD672790-D7D2-44DE-8513-FFCD96FA5CDF}.AppStore|ARM.Build.0 = Release|ARM
		{DD672790-D7D2-44DE-8513-FFCD96FA5CDF}.AppStore|ARM.Deploy.0 = Release|ARM
		{DD672790-D7D2-44DE-8513-FFCD96FA5CDF}.AppStore|iPhone.ActiveCfg = Release|x86
		{DD672790-D7D2-44DE-8513-FFCD96FA5CDF}.AppStore|iPhone.Build.0 = Release|x86
		{DD672790-D7D2-44DE-8513-FFCD96FA5CDF}.AppStore|iPhone.Deploy.0 = Release|x86
		{DD672790-D7D2-44DE-8513-FFCD96FA5CDF}.AppStore|iPhoneSimulator.ActiveCfg = Release|x86
		{DD672790-D7D2-44DE-8513-FFCD96FA5CDF}.AppStore|iPhoneSimulator.Build.0 = Release|x86
		{DD672790-D7D2-44DE-8513-FFCD96FA5CDF}.AppStore|iPhoneSimulator.Deploy.0 = Release|x86
		{DD672790-D7D2-44DE-8513-FFCD96FA5CDF}.AppStore|x64.ActiveCfg = Release|x64
		{DD672790-D7D2-44DE-8513-FFCD96FA5CDF}.AppStore|x64.Build.0 = Release|x64
		{DD672790-D7D2-44DE-8513-FFCD96FA5CDF}.AppStore|x64.Deploy.0 = Release|x64
		{DD672790-D7D2-44DE-8513-FFCD96FA5CDF}.AppStore|x86.ActiveCfg = Release|x86
		{DD672790-D7D2-44DE-8513-FFCD96FA5CDF}.AppStore|x86.Build.0 = Release|x86
		{DD672790-D7D2-44DE-8513-FFCD96FA5CDF}.AppStore|x86.Deploy.0 = Release|x86
		{DD672790-D7D2-44DE-8513-FFCD96FA5CDF}.Debug|Any CPU.ActiveCfg = Debug|x86
		{DD672790-D7D2-44DE-8513-FFCD96FA5CDF}.Debug|ARM.ActiveCfg = Debug|ARM
		{DD672790-D7D2-44DE-8513-FFCD96FA5CDF}.Debug|ARM.Build.0 = Debug|ARM
		{DD672790-D7D2-44DE-8513-FFCD96FA5CDF}.Debug|ARM.Deploy.0 = Debug|ARM
		{DD672790-D7D2-44DE-8513-FFCD96FA5CDF}.Debug|iPhone.ActiveCfg = Debug|x86
		{DD672790-D7D2-44DE-8513-FFCD96FA5CDF}.Debug|iPhoneSimulator.ActiveCfg = Debug|x86
		{DD672790-D7D2-44DE-8513-FFCD96FA5CDF}.Debug|x64.ActiveCfg = Debug|x64
		{DD672790-D7D2-44DE-8513-FFCD96FA5CDF}.Debug|x64.Build.0 = Debug|x64
		{DD672790-D7D2-44DE-8513-FFCD96FA5CDF}.Debug|x64.Deploy.0 = Debug|x64
		{DD672790-D7D2-44DE-8513-FFCD96FA5CDF}.Debug|x86.ActiveCfg = Debug|x86
		{DD672790-D7D2-44DE-8513-FFCD96FA5CDF}.Debug|x86.Build.0 = Debug|x86
		{DD672790-D7D2-44DE-8513-FFCD96FA5CDF}.Debug|x86.Deploy.0 = Debug|x86
		{DD672790-D7D2-44DE-8513-FFCD96FA5CDF}.Release|Any CPU.ActiveCfg = Release|x86
		{DD672790-D7D2-44DE-8513-FFCD96FA5CDF}.Release|ARM.ActiveCfg = Release|ARM
		{DD672790-D7D2-44DE-8513-FFCD96FA5CDF}.Release|ARM.Build.0 = Release|ARM
		{DD672790-D7D2-44DE-8513-FFCD96FA5CDF}.Release|ARM.Deploy.0 = Release|ARM
		{DD672790-D7D2-44DE-8513-FFCD96FA5CDF}.Release|iPhone.ActiveCfg = Release|x86
		{DD672790-D7D2-44DE-8513-FFCD96FA5CDF}.Release|iPhoneSimulator.ActiveCfg = Release|x86
		{DD672790-D7D2-44DE-8513-FFCD96FA5CDF}.Release|x64.ActiveCfg = Release|x64
		{DD672790-D7D2-44DE-8513-FFCD96FA5CDF}.Release|x64.Build.0 = Release|x64
		{DD672790-D7D2-44DE-8513-FFCD96FA5CDF}.Release|x64.Deploy.0 = Release|x64
		{DD672790-D7D2-44DE-8513-FFCD96FA5CDF}.Release|x86.ActiveCfg = Release|x86
		{DD672790-D7D2-44DE-8513-FFCD96FA5CDF}.Release|x86.Build.0 = Release|x86
		{DD672790-D7D2-44DE-8513-FFCD96FA5CDF}.Release|x86.Deploy.0 = Release|x86
	EndGlobalSection
	GlobalSection(SolutionProperties) = preSolution
		HideSolutionNode = FALSE
	EndGlobalSection
EndGlobal
